
Microsoft Visual Studio Solution File, Format Version 12.00
# Visual Studio Version 16
VisualStudioVersion = 16.0.30320.27
MinimumVisualStudioVersion = 10.0.40219.1
Project("{FAE04EC0-301F-11D3-BF4B-00C04F79EFBC}") = "Лаба2", "Лаба2\Лаба2.csproj", "{C68F6D72-4321-4375-94EE-FF2298B4672C}"
EndProject
Global
	GlobalSection(SolutionConfigurationPlatforms) = preSolution
		Debug|Any CPU = Debug|Any CPU
		Release|Any CPU = Release|Any CPU
	EndGlobalSection
	GlobalSection(ProjectConfigurationPlatforms) = postSolution
		{C68F6D72-4321-4375-94EE-FF2298B4672C}.Debug|Any CPU.ActiveCfg = Debug|Any CPU
		{C68F6D72-4321-4375-94EE-FF2298B4672C}.Debug|Any CPU.Build.0 = Debug|Any CPU
		{C68F6D72-4321-4375-94EE-FF2298B4672C}.Release|Any CPU.ActiveCfg = Release|Any CPU
		{C68F6D72-4321-4375-94EE-FF2298B4672C}.Release|Any CPU.Build.0 = Release|Any CPU
	EndGlobalSection
	GlobalSection(SolutionProperties) = preSolution
		HideSolutionNode = FALSE
	EndGlobalSection
	GlobalSection(ExtensibilityGlobals) = postSolution
		SolutionGuid = {2703C5AD-750A-4E75-A663-869767FA24D8}
	EndGlobalSection
EndGlobal
